{
  "name": "example",
  "lockfileVersion": 3,
  "requires": true,
  "packages": {
    "": {
      "dependencies": {
        "build-number-generator": "2.0.4",
        "common-path-start": "0.0.3"
      },
      "devDependencies": {
        "@pkgdep/extra": "file:../pkg/extra",
        "@pkgdep/link": "file:../pkg/link"
      }
    },
    "../pkg/extra": {
      "name": "@pkgdep/extra",
      "version": "1.2.1",
      "dev": true,
      "license": "MIT",
      "bin": {
        "dep-extra": "bin/dep-extra.js"
      },
      "devDependencies": {
        "@pkgdep/extra": "link:",
        "@semantic-release/changelog": "6.0.2",
        "@semantic-release/git": "10.0.1"
      },
      "engines": {
        "node": ">=16.14"
      }
    },
    "../pkg/link": {
      "name": "@pkgdep/link",
      "version": "1.2.1",
      "dev": true,
      "license": "MIT",
      "dependencies": {
        "bin-links": "4.0.1"
      },
      "bin": {
        "dep-link": "bin/dep-link.js"
      },
      "devDependencies": {
        "@pkgdep/link": "link:",
        "@semantic-release/changelog": "6.0.2",
        "@semantic-release/git": "10.0.1"
      },
      "engines": {
        "node": ">=16.14"
      }
    },
    "node_modules/@pkgdep/extra": {
      "resolved": "../pkg/extra",
      "link": true
    },
    "node_modules/@pkgdep/link": {
      "resolved": "../pkg/link",
      "link": true
    },
    "node_modules/build-number-generator": {
      "version": "2.0.4",
      "resolved": "https://registry.npmjs.org/build-number-generator/-/build-number-generator-2.0.4.tgz",
      "integrity": "sha512-hkKFhopqgcEoFxXKke87V/MkJ0IcNY1Jnh38TioGoFbasXC6li4VKDdjQ3VcgoER0KuhKeRlyxZD1LVTlw5imQ==",
      "bin": {
        "buildnumgen": "bin/buildnumgen.js"
      },
      "engines": {
        "node": ">=14.8"
      }
    },
    "node_modules/common-path-start": {
      "version": "0.0.3",
      "resolved": "https://registry.npmjs.org/common-path-start/-/common-path-start-0.0.3.tgz",
      "integrity": "sha512-K0r4q9xTbyEh5tvDvXbOcb7Qttd0mDGCghu1GQZtYw9um59d3IVlR7cNRbG8PxI9fRMLdPSLPf1SLOsCxEOPEA==",
      "engines": {
        "node": ">= 6"
      }
    }
  }
}
