{
  "name": "example",
  "lockfileVersion": 3,
  "requires": true,
  "packages": {
    "": {
      "dependencies": {
        "build-number-generator": "~2.0.0",
        "common-path-start": "0.0.3"
      },
      "devDependencies": {
        "@pkgdep/update": "file:.."
      }
    },
    "..": {
      "version": "1.0.0",
      "dev": true,
      "license": "MIT",
      "bin": {
        "dep-update": "bin/dep-update.js"
      },
      "devDependencies": {
        "@semantic-release/changelog": "6.0.2",
        "@semantic-release/git": "10.0.1",
        "@pkgdep/update": "link:"
      },
      "engines": {
        "node": ">=16.14"
      }
    },
    "node_modules/build-number-generator": {
      "version": "2.0.0",
      "resolved": "https://registry.npmjs.org/build-number-generator/-/build-number-generator-2.0.0.tgz",
      "integrity": "sha512-IcML2n4gxD6bPb96uQ1KXlKUlMtL1FmkwTEtoMvNUKxOA5MHYDzXcRVrfSY/A7D0EcH7l0Bi5ILkZ23jopKdPw==",
      "bin": {
        "buildnumgen": "bin/buildnumgen.cjs"
      },
      "engines": {
        "node": ">=14.8"
      }
    },
    "node_modules/common-path-start": {
      "version": "0.0.3",
      "resolved": "https://registry.npmjs.org/common-path-start/-/common-path-start-0.0.3.tgz",
      "integrity": "sha512-K0r4q9xTbyEh5tvDvXbOcb7Qttd0mDGCghu1GQZtYw9um59d3IVlR7cNRbG8PxI9fRMLdPSLPf1SLOsCxEOPEA==",
      "engines": {
        "node": ">= 6"
      }
    },
    "node_modules/@pkgdep/update": {
      "resolved": "..",
      "link": true
    }
  }
}
