{
  "name": "example",
  "lockfileVersion": 3,
  "requires": true,
  "packages": {
    "": {
      "dependencies": {
        "@unixcompat/cat.js": "~1.0.0",
        "@unixcompat/mkdir.js": "^1.0.0",
        "build-number-generator": "~2.0.0",
        "common-path-start": "0.0.3"
      },
      "devDependencies": {
        "@pkgdep/update": "file:.."
      }
    },
    "..": {
      "name": "@pkgdep/update",
      "version": "1.0.0",
      "dev": true,
      "license": "MIT",
      "dependencies": {
        "picomatch": "2.3.1"
      },
      "bin": {
        "update": "bin/@pkgdep/update.js"
      },
      "devDependencies": {
        "@pkgdep/update": "link:",
        "@semantic-release/changelog": "6.0.2",
        "@semantic-release/git": "10.0.1"
      },
      "engines": {
        "node": ">=16.14"
      }
    },
    "node_modules/@pkgdep/update": {
      "resolved": "..",
      "link": true
    },
    "node_modules/@unixcompat/cat.js": {
      "version": "1.0.0",
      "resolved": "https://registry.npmjs.org/@unixcompat/cat.js/-/cat.js-1.0.0.tgz",
      "integrity": "sha512-lvAE+ra6hBWq0gcFSSEdr9jwBJ6BlI6Ub5wbcBixp58HQ/0ZaTESwKrTcRIsBVJT650AWbsej+u+azrTVIHW4A==",
      "dependencies": {
        "os-lock": "2.0.0"
      },
      "bin": {
        "cat.js": "bin/cat.js"
      },
      "engines": {
        "node": ">=16"
      }
    },
    "node_modules/@unixcompat/mkdir.js": {
      "version": "1.0.0",
      "resolved": "https://registry.npmjs.org/@unixcompat/mkdir.js/-/mkdir.js-1.0.0.tgz",
      "integrity": "sha512-0YdHlROXF5STdezeEbwbIEvrVTaE2A+ArHh0Av//Y/vjavrVY7AYuyTANjJuw2fR0U24PsKX5PFrRxRaz7RoCg==",
      "bin": {
        "mkdir.js": "bin/mkdir.js"
      },
      "engines": {
        "node": ">=14.8"
      }
    },
    "node_modules/build-number-generator": {
      "version": "2.0.0",
      "resolved": "https://registry.npmjs.org/build-number-generator/-/build-number-generator-2.0.0.tgz",
      "integrity": "sha512-IcML2n4gxD6bPb96uQ1KXlKUlMtL1FmkwTEtoMvNUKxOA5MHYDzXcRVrfSY/A7D0EcH7l0Bi5ILkZ23jopKdPw==",
      "bin": {
        "buildnumgen": "bin/buildnumgen.cjs"
      },
      "engines": {
        "node": ">=14.8"
      }
    },
    "node_modules/common-path-start": {
      "version": "0.0.3",
      "resolved": "https://registry.npmjs.org/common-path-start/-/common-path-start-0.0.3.tgz",
      "integrity": "sha512-K0r4q9xTbyEh5tvDvXbOcb7Qttd0mDGCghu1GQZtYw9um59d3IVlR7cNRbG8PxI9fRMLdPSLPf1SLOsCxEOPEA==",
      "engines": {
        "node": ">= 6"
      }
    },
    "node_modules/os-lock": {
      "version": "2.0.0",
      "resolved": "https://registry.npmjs.org/os-lock/-/os-lock-2.0.0.tgz",
      "integrity": "sha512-gz01iHieWaDXZTtUEc5EZR3aO/g8+h7vk1IPix28jdeUYfWa6CzTeBD1NVtHQLqdwSW3yYSin8lG4lYp6S5Gcw==",
      "hasInstallScript": true
    }
  }
}
