{
  "name": "example",
  "lockfileVersion": 3,
  "requires": true,
  "packages": {
    "": {
      "dependencies": {
        "build-number-generator": "2.0.4"
      },
      "devDependencies": {
        "@pkgdep/extra": "file:.."
      }
    },
    "..": {
      "version": "2.0.0",
      "dev": true,
      "license": "MIT",
      "bin": {
        "dep-extra": "bin/dep-extra.js"
      },
      "devDependencies": {
        "@semantic-release/changelog": "6.0.2",
        "@semantic-release/git": "10.0.1",
        "denolint": "2.0.6",
        "@pkgdep/extra": "link:",
        "rollup": "3.15.0",
        "rollup-plugin-cleanup": "3.2.1",
        "typescript": "4.9.5"
      },
      "engines": {
        "node": ">=16.14"
      }
    },
    "node_modules/build-number-generator": {
      "version": "2.0.4",
      "resolved": "https://registry.npmjs.org/build-number-generator/-/build-number-generator-2.0.4.tgz",
      "integrity": "sha512-hkKFhopqgcEoFxXKke87V/MkJ0IcNY1Jnh38TioGoFbasXC6li4VKDdjQ3VcgoER0KuhKeRlyxZD1LVTlw5imQ==",
      "bin": {
        "buildnumgen": "bin/buildnumgen.js"
      },
      "engines": {
        "node": ">=14.8"
      }
    },
    "node_modules/@pkgdep/extra": {
      "resolved": "..",
      "link": true
    }
  }
}
